<Solution>
  <Project Path="AzureBasicWebApplication/AzureBasicWebApplication.csproj" />
  <Project Path="AzureContainersAuthSample/WebApp/WebApp.csproj" />
  <Project Path="AzureFunctionsAndStorageSample/AzureFunctionsAndStorageSample.csproj" />
  <Project Path="AzureFunctionsDemo/AzureFunctionsDemo.csproj" />
  <Project Path="AzureOpenAIConsoleDemoWorkflow.Tests/AzureOpenAIConsoleDemoWorkflow.Tests.csproj" Id="f8890cab-8505-43e8-abba-51411cdf6181" />
  <Project Path="AzureOpenAIConsoleDemoWorkflow/AzureOpenAIConsoleDemoWorkflow.csproj" Id="0cf5ae26-ab83-425c-8a59-908af0e9e5f6" />
  <Project Path="MessageBrockers/FunctionProcessor/FunctionProcessor.csproj" />
  <Project Path="MessageBrockers/SharedContracts/SharedContracts.csproj" />
  <Project Path="MessageBrockers/WebAppGateway/WebAppGateway.csproj" />
  <Project Path="TestWebApplication/TestWebApplication.csproj" />
  <Project Path="WebApplication1/WebApplication1.csproj" />
  <Project Path="WebApplication2/WebApplication2.csproj" />
  <Project Path="WebApplication3/WebApplication3.csproj" Id="1c571e77-f864-458a-9980-850d6e8c44aa" />
</Solution>
